
Microsoft Visual Studio Solution File, Format Version 12.00
# Visual Studio Version 17
VisualStudioVersion = 17.0.31903.59
MinimumVisualStudioVersion = 10.0.40219.1
Project("{2150E333-8FDC-42A3-9474-1A3956D46DE8}") = "src", "src", "{DCEA2C75-554A-467F-8C09-21846713D712}"
EndProject
Project("{FAE04EC0-301F-11D3-BF4B-00C04F79EFBC}") = "Rapido.Web.UI", "src\Rapido.Web.UI\Rapido.Web.UI.csproj", "{55D27B13-F67F-4F73-9506-DAB9FD986C85}"
EndProject
Project("{FAE04EC0-301F-11D3-BF4B-00C04F79EFBC}") = "Rapido.Web.Core", "src\Rapido.Web.Core\Rapido.Web.Core.csproj", "{354F1A5E-8F07-4449-8B49-FE053CFE88A8}"
EndProject
Global
	GlobalSection(SolutionConfigurationPlatforms) = preSolution
		Debug|Any CPU = Debug|Any CPU
		Release|Any CPU = Release|Any CPU
	EndGlobalSection
	GlobalSection(SolutionProperties) = preSolution
		HideSolutionNode = FALSE
	EndGlobalSection
	GlobalSection(NestedProjects) = preSolution
		{55D27B13-F67F-4F73-9506-DAB9FD986C85} = {DCEA2C75-554A-467F-8C09-21846713D712}
		{354F1A5E-8F07-4449-8B49-FE053CFE88A8} = {DCEA2C75-554A-467F-8C09-21846713D712}
	EndGlobalSection
	GlobalSection(ProjectConfigurationPlatforms) = postSolution
		{55D27B13-F67F-4F73-9506-DAB9FD986C85}.Debug|Any CPU.ActiveCfg = Debug|Any CPU
		{55D27B13-F67F-4F73-9506-DAB9FD986C85}.Debug|Any CPU.Build.0 = Debug|Any CPU
		{55D27B13-F67F-4F73-9506-DAB9FD986C85}.Release|Any CPU.ActiveCfg = Release|Any CPU
		{55D27B13-F67F-4F73-9506-DAB9FD986C85}.Release|Any CPU.Build.0 = Release|Any CPU
		{354F1A5E-8F07-4449-8B49-FE053CFE88A8}.Debug|Any CPU.ActiveCfg = Debug|Any CPU
		{354F1A5E-8F07-4449-8B49-FE053CFE88A8}.Debug|Any CPU.Build.0 = Debug|Any CPU
		{354F1A5E-8F07-4449-8B49-FE053CFE88A8}.Release|Any CPU.ActiveCfg = Release|Any CPU
		{354F1A5E-8F07-4449-8B49-FE053CFE88A8}.Release|Any CPU.Build.0 = Release|Any CPU
	EndGlobalSection
EndGlobal
